
Microsoft Visual Studio Solution File, Format Version 12.00
# Visual Studio Version 16
VisualStudioVersion = 16.0.30907.101
MinimumVisualStudioVersion = 10.0.40219.1
Project("{FAE04EC0-301F-11D3-BF4B-00C04F79EFBC}") = "ログイン", "ログイン\ログイン.csproj", "{EE62ED50-DBAE-44F8-A775-BBAEE6A5EEBD}"
EndProject
Global
	GlobalSection(SolutionConfigurationPlatforms) = preSolution
		Debug|Any CPU = Debug|Any CPU
		Release|Any CPU = Release|Any CPU
	EndGlobalSection
	GlobalSection(ProjectConfigurationPlatforms) = postSolution
		{EE62ED50-DBAE-44F8-A775-BBAEE6A5EEBD}.Debug|Any CPU.ActiveCfg = Debug|Any CPU
		{EE62ED50-DBAE-44F8-A775-BBAEE6A5EEBD}.Debug|Any CPU.Build.0 = Debug|Any CPU
		{EE62ED50-DBAE-44F8-A775-BBAEE6A5EEBD}.Release|Any CPU.ActiveCfg = Release|Any CPU
		{EE62ED50-DBAE-44F8-A775-BBAEE6A5EEBD}.Release|Any CPU.Build.0 = Release|Any CPU
	EndGlobalSection
	GlobalSection(SolutionProperties) = preSolution
		HideSolutionNode = FALSE
	EndGlobalSection
	GlobalSection(ExtensibilityGlobals) = postSolution
		SolutionGuid = {C49F2A42-B341-4AD3-80DE-38247A1705FF}
	EndGlobalSection
EndGlobal
